# THIS IS AN AUTOGENERATED FILE. DO NOT EDIT THIS FILE DIRECTLY.
# yarn lockfile v1


"@tweenjs/tween.js@^17.3.0":
  version "17.3.0"
  resolved "https://registry.npmjs.org/@tweenjs/tween.js/-/tween.js-17.3.0.tgz"
  integrity sha512-SPkhNj9/wGfbdX2C3B3KhttLQ4iesd+Ny8Dv1RnqF1MFUIqsZz/OJVLzJEHSEl7zheNx70dvqrwfbCFDQ0sWBw==

jquery@3.4.1:
  version "3.4.1"
  resolved "https://registry.npmjs.org/jquery/-/jquery-3.4.1.tgz"
  integrity sha512-36+AdBzCL+y6qjw5Tx7HgzeGCzC81MDDgaUP8ld2zhx58HdqXGoBd+tHdrBMiyjGQs0Hxs/MLZTu/eHNJJuWPw==

three@^0.118.3:
  version "0.118.3"
  resolved "https://registry.npmjs.org/three/-/three-0.118.3.tgz"
  integrity sha512-ijECXrNzDkHieoeh2H69kgawTGH8DiamhR4uBN8jEM7VHSKvfTdEvOoHsA8Aq7dh7PHAxhlqBsN5arBI3KixSw==

tween@^0.9.0:
  version "0.9.0"
  resolved "https://registry.yarnpkg.com/tween/-/tween-0.9.0.tgz#f856c7a9c9ab85ca9a2bc02282591aa2513a20ed"
  integrity sha1-+FbHqcmrhcqaK8AiglkaolE6IO0=
